
Microsoft Visual Studio Solution File, Format Version 12.00
# Visual Studio 2013
VisualStudioVersion = 12.0.31101.0
MinimumVisualStudioVersion = 10.0.40219.1
Project("{FAE04EC0-301F-11D3-BF4B-00C04F79EFBC}") = "Jhu.Graywulf.Entities", "dll\Jhu.Graywulf.Entities\Jhu.Graywulf.Entities.csproj", "{10B184E6-825D-4498-98D5-A42939E4BD2D}"
	ProjectSection(ProjectDependencies) = postProject
		{B25AD38F-0515-481F-A7CB-2A252B9257FA} = {B25AD38F-0515-481F-A7CB-2A252B9257FA}
	EndProjectSection
EndProject
Project("{FAE04EC0-301F-11D3-BF4B-00C04F79EFBC}") = "Jhu.Graywulf.Entities.Test", "test\Jhu.Graywulf.Entities.Test\Jhu.Graywulf.Entities.Test.csproj", "{160F090C-EAD7-4C6D-AA3C-54FDA7082088}"
EndProject
Project("{2150E333-8FDC-42A3-9474-1A3956D46DE8}") = ".nuget", ".nuget", "{72AAEEF6-B804-481B-9021-4582A34B984B}"
	ProjectSection(SolutionItems) = preProject
		.nuget\NuGet.Config = .nuget\NuGet.Config
		.nuget\NuGet.exe = .nuget\NuGet.exe
		.nuget\NuGet.targets = .nuget\NuGet.targets
	EndProjectSection
EndProject
Project("{2150E333-8FDC-42A3-9474-1A3956D46DE8}") = "Dll", "Dll", "{6A2B0C76-B26F-45FC-A799-5C8D573EC406}"
EndProject
Project("{2150E333-8FDC-42A3-9474-1A3956D46DE8}") = "Test", "Test", "{719351FB-5EC1-44DD-9E09-33FD6301E23C}"
EndProject
Project("{2150E333-8FDC-42A3-9474-1A3956D46DE8}") = "Build", "Build", "{37E2D850-8232-46FA-B9DE-3B791C7A1ED8}"
EndProject
Project("{2150E333-8FDC-42A3-9474-1A3956D46DE8}") = "Sql", "Sql", "{0E69203D-01FF-42D4-A4B1-E43047A0FD5D}"
	ProjectSection(SolutionItems) = preProject
		sql\Graywulf.Entities.Sql.Create.sql = sql\Graywulf.Entities.Sql.Create.sql
		sql\Graywulf.Entities.Sql.Drop.sql = sql\Graywulf.Entities.Sql.Drop.sql
		sql\Graywulf.Entities.Sql.Test.sql = sql\Graywulf.Entities.Sql.Test.sql
		sql\Graywulf.Entities.Test.sql = sql\Graywulf.Entities.Test.sql
	EndProjectSection
EndProject
Project("{FAE04EC0-301F-11D3-BF4B-00C04F79EFBC}") = "Jhu.Graywulf.Entities.Build", "build\Jhu.Graywulf.Entities.Build\Jhu.Graywulf.Entities.Build.csproj", "{B25AD38F-0515-481F-A7CB-2A252B9257FA}"
EndProject
Project("{FAE04EC0-301F-11D3-BF4B-00C04F79EFBC}") = "Jhu.Graywulf.AccessControl", "dll\Jhu.Graywulf.AccessControl\Jhu.Graywulf.AccessControl.csproj", "{DA689D40-EDCD-433D-8D9B-4E96829F8C6A}"
EndProject
Project("{FAE04EC0-301F-11D3-BF4B-00C04F79EFBC}") = "Jhu.Graywulf.AccessControl.Test", "test\Jhu.Graywulf.AccessControl.Test\Jhu.Graywulf.AccessControl.Test.csproj", "{96B78C89-3E68-450B-B08B-48A7E8073759}"
EndProject
Project("{FAE04EC0-301F-11D3-BF4B-00C04F79EFBC}") = "Jhu.Graywulf.Components", "dll\Jhu.Graywulf.Components\Jhu.Graywulf.Components.csproj", "{ABB4C403-720A-47E1-9485-CFAADD696656}"
EndProject
Global
	GlobalSection(SolutionConfigurationPlatforms) = preSolution
		Debug|Any CPU = Debug|Any CPU
		Release|Any CPU = Release|Any CPU
	EndGlobalSection
	GlobalSection(ProjectConfigurationPlatforms) = postSolution
		{10B184E6-825D-4498-98D5-A42939E4BD2D}.Debug|Any CPU.ActiveCfg = Debug|Any CPU
		{10B184E6-825D-4498-98D5-A42939E4BD2D}.Debug|Any CPU.Build.0 = Debug|Any CPU
		{10B184E6-825D-4498-98D5-A42939E4BD2D}.Release|Any CPU.ActiveCfg = Release|Any CPU
		{10B184E6-825D-4498-98D5-A42939E4BD2D}.Release|Any CPU.Build.0 = Release|Any CPU
		{160F090C-EAD7-4C6D-AA3C-54FDA7082088}.Debug|Any CPU.ActiveCfg = Debug|Any CPU
		{160F090C-EAD7-4C6D-AA3C-54FDA7082088}.Debug|Any CPU.Build.0 = Debug|Any CPU
		{160F090C-EAD7-4C6D-AA3C-54FDA7082088}.Release|Any CPU.ActiveCfg = Release|Any CPU
		{160F090C-EAD7-4C6D-AA3C-54FDA7082088}.Release|Any CPU.Build.0 = Release|Any CPU
		{B25AD38F-0515-481F-A7CB-2A252B9257FA}.Debug|Any CPU.ActiveCfg = Debug|Any CPU
		{B25AD38F-0515-481F-A7CB-2A252B9257FA}.Debug|Any CPU.Build.0 = Debug|Any CPU
		{B25AD38F-0515-481F-A7CB-2A252B9257FA}.Release|Any CPU.ActiveCfg = Release|Any CPU
		{B25AD38F-0515-481F-A7CB-2A252B9257FA}.Release|Any CPU.Build.0 = Release|Any CPU
		{DA689D40-EDCD-433D-8D9B-4E96829F8C6A}.Debug|Any CPU.ActiveCfg = Debug|Any CPU
		{DA689D40-EDCD-433D-8D9B-4E96829F8C6A}.Debug|Any CPU.Build.0 = Debug|Any CPU
		{DA689D40-EDCD-433D-8D9B-4E96829F8C6A}.Release|Any CPU.ActiveCfg = Release|Any CPU
		{DA689D40-EDCD-433D-8D9B-4E96829F8C6A}.Release|Any CPU.Build.0 = Release|Any CPU
		{96B78C89-3E68-450B-B08B-48A7E8073759}.Debug|Any CPU.ActiveCfg = Debug|Any CPU
		{96B78C89-3E68-450B-B08B-48A7E8073759}.Debug|Any CPU.Build.0 = Debug|Any CPU
		{96B78C89-3E68-450B-B08B-48A7E8073759}.Release|Any CPU.ActiveCfg = Release|Any CPU
		{96B78C89-3E68-450B-B08B-48A7E8073759}.Release|Any CPU.Build.0 = Release|Any CPU
		{ABB4C403-720A-47E1-9485-CFAADD696656}.Debug|Any CPU.ActiveCfg = Debug|Any CPU
		{ABB4C403-720A-47E1-9485-CFAADD696656}.Debug|Any CPU.Build.0 = Debug|Any CPU
		{ABB4C403-720A-47E1-9485-CFAADD696656}.Release|Any CPU.ActiveCfg = Release|Any CPU
		{ABB4C403-720A-47E1-9485-CFAADD696656}.Release|Any CPU.Build.0 = Release|Any CPU
	EndGlobalSection
	GlobalSection(SolutionProperties) = preSolution
		HideSolutionNode = FALSE
	EndGlobalSection
	GlobalSection(NestedProjects) = preSolution
		{10B184E6-825D-4498-98D5-A42939E4BD2D} = {6A2B0C76-B26F-45FC-A799-5C8D573EC406}
		{DA689D40-EDCD-433D-8D9B-4E96829F8C6A} = {6A2B0C76-B26F-45FC-A799-5C8D573EC406}
		{ABB4C403-720A-47E1-9485-CFAADD696656} = {6A2B0C76-B26F-45FC-A799-5C8D573EC406}
		{160F090C-EAD7-4C6D-AA3C-54FDA7082088} = {719351FB-5EC1-44DD-9E09-33FD6301E23C}
		{96B78C89-3E68-450B-B08B-48A7E8073759} = {719351FB-5EC1-44DD-9E09-33FD6301E23C}
		{B25AD38F-0515-481F-A7CB-2A252B9257FA} = {37E2D850-8232-46FA-B9DE-3B791C7A1ED8}
	EndGlobalSection
EndGlobal
